
Microsoft Visual Studio Solution File, Format Version 12.00
# Visual Studio Version 16
VisualStudioVersion = 16.0.31613.86
MinimumVisualStudioVersion = 10.0.40219.1
Project("{FAE04EC0-301F-11D3-BF4B-00C04F79EFBC}") = "CalculatorTests", "CalculatorTests\CalculatorTests.csproj", "{57D3C835-AC1D-4893-83C3-8706903FA47F}"
EndProject
Global
	GlobalSection(SolutionConfigurationPlatforms) = preSolution
		Debug|Any CPU = Debug|Any CPU
		Release|Any CPU = Release|Any CPU
	EndGlobalSection
	GlobalSection(ProjectConfigurationPlatforms) = postSolution
		{57D3C835-AC1D-4893-83C3-8706903FA47F}.Debug|Any CPU.ActiveCfg = Debug|Any CPU
		{57D3C835-AC1D-4893-83C3-8706903FA47F}.Debug|Any CPU.Build.0 = Debug|Any CPU
		{57D3C835-AC1D-4893-83C3-8706903FA47F}.Release|Any CPU.ActiveCfg = Release|Any CPU
		{57D3C835-AC1D-4893-83C3-8706903FA47F}.Release|Any CPU.Build.0 = Release|Any CPU
	EndGlobalSection
	GlobalSection(SolutionProperties) = preSolution
		HideSolutionNode = FALSE
	EndGlobalSection
	GlobalSection(ExtensibilityGlobals) = postSolution
		SolutionGuid = {F52263CE-E495-43C6-B729-B11FBF6C24A9}
	EndGlobalSection
EndGlobal
